{
  "requires": true,
  "lockfileVersion": 1,
  "dependencies": {
    "fauna": {
      "version": "0.4.1",
      "resolved": "https://registry.npmjs.org/fauna/-/fauna-0.4.1.tgz",
      "integrity": "sha1-KgdJRx3PnAIL1v6dDLSSevSvZv8=",
      "requires": {
        "xml": "1.0.1"
      }
    },
    "xml": {
      "version": "1.0.1",
      "resolved": "https://registry.npmjs.org/xml/-/xml-1.0.1.tgz",
      "integrity": "sha1-eLpyAgApxbyHuKgaPPzXS0ovweU="
    }
  }
}
